{
  "name": "postedin",
  "version": "0.0.1",
  "lockfileVersion": 1,
  "requires": true,
  "dependencies": {
    "luxon": {
      "version": "1.10.0",
      "resolved": "https://registry.npmjs.org/luxon/-/luxon-1.10.0.tgz",
      "integrity": "sha512-ry3GKh//v3isD6oJN5pFWmdh+3GiScwv9q8VgG6fZ2j1guGOol2vVVdo4GBAWCrcq5RHOqSeipqHBnOu/u024Q==",
      "dev": true
    }
  }
}
